[root]
name = "rsradio"
version = "0.1.0"
dependencies = [
 "gstreamer 0.7.0 (registry+https://github.com/rust-lang/crates.io-index)",
 "notify-rust 3.2.1 (registry+https://github.com/rust-lang/crates.io-index)",
]

[[package]]
name = "dbus"
version = "0.4.1"
source = "registry+https://github.com/rust-lang/crates.io-index"
dependencies = [
 "libc 0.2.21 (registry+https://github.com/rust-lang/crates.io-index)",
 "pkg-config 0.3.9 (registry+https://github.com/rust-lang/crates.io-index)",
]

[[package]]
name = "gstreamer"
version = "0.7.0"
source = "registry+https://github.com/rust-lang/crates.io-index"

[[package]]
name = "libc"
version = "0.2.21"
source = "registry+https://github.com/rust-lang/crates.io-index"

[[package]]
name = "notify-rust"
version = "3.2.1"
source = "registry+https://github.com/rust-lang/crates.io-index"
dependencies = [
 "dbus 0.4.1 (registry+https://github.com/rust-lang/crates.io-index)",
]

[[package]]
name = "pkg-config"
version = "0.3.9"
source = "registry+https://github.com/rust-lang/crates.io-index"

[metadata]
"checksum dbus 0.4.1 (registry+https://github.com/rust-lang/crates.io-index)" = "58ec7b4cac6f79f36af1cd9cfdb9b935fc5a4e899f494ee03a3a6165f7d10b4b"
"checksum gstreamer 0.7.0 (registry+https://github.com/rust-lang/crates.io-index)" = "e64aa92ef8098be6cc02af604a97f86a68b9265cf51cafd6d850dccba639af19"
"checksum libc 0.2.21 (registry+https://github.com/rust-lang/crates.io-index)" = "88ee81885f9f04bff991e306fea7c1c60a5f0f9e409e99f6b40e3311a3363135"
"checksum notify-rust 3.2.1 (registry+https://github.com/rust-lang/crates.io-index)" = "26508471f9e6ee12ebe949ece86ff01153e5d9a9ca331e0a6e9661502fb4e9a9"
"checksum pkg-config 0.3.9 (registry+https://github.com/rust-lang/crates.io-index)" = "3a8b4c6b8165cd1a1cd4b9b120978131389f64bdaf456435caa41e630edba903"
